
Microsoft Visual Studio Solution File, Format Version 12.00
# Visual Studio Version 17
VisualStudioVersion = 17.10.35004.147
MinimumVisualStudioVersion = 10.0.40219.1
Project("{FAE04EC0-301F-11D3-BF4B-00C04F79EFBC}") = "PandianStoreService", "PandianStoreService.csproj", "{32810B7F-6D3B-442F-B579-D6863E63A0A1}"
EndProject
Project("{FAE04EC0-301F-11D3-BF4B-00C04F79EFBC}") = "PandianStore_BLL", "..\PandianStore_BLL\PandianStore_BLL.csproj", "{B258C192-9138-4CA1-90D7-201CAE5C53D2}"
EndProject
Project("{FAE04EC0-301F-11D3-BF4B-00C04F79EFBC}") = "PandianStore_DAL", "..\PandianStore_DAL\PandianStore_DAL.csproj", "{988E0253-6C0F-46EC-904D-DDEA57E75B73}"
EndProject
Global
	GlobalSection(SolutionConfigurationPlatforms) = preSolution
		Debug|Any CPU = Debug|Any CPU
		Release|Any CPU = Release|Any CPU
	EndGlobalSection
	GlobalSection(ProjectConfigurationPlatforms) = postSolution
		{32810B7F-6D3B-442F-B579-D6863E63A0A1}.Debug|Any CPU.ActiveCfg = Debug|Any CPU
		{32810B7F-6D3B-442F-B579-D6863E63A0A1}.Debug|Any CPU.Build.0 = Debug|Any CPU
		{32810B7F-6D3B-442F-B579-D6863E63A0A1}.Release|Any CPU.ActiveCfg = Release|Any CPU
		{32810B7F-6D3B-442F-B579-D6863E63A0A1}.Release|Any CPU.Build.0 = Release|Any CPU
		{B258C192-9138-4CA1-90D7-201CAE5C53D2}.Debug|Any CPU.ActiveCfg = Debug|Any CPU
		{B258C192-9138-4CA1-90D7-201CAE5C53D2}.Debug|Any CPU.Build.0 = Debug|Any CPU
		{B258C192-9138-4CA1-90D7-201CAE5C53D2}.Release|Any CPU.ActiveCfg = Release|Any CPU
		{B258C192-9138-4CA1-90D7-201CAE5C53D2}.Release|Any CPU.Build.0 = Release|Any CPU
		{988E0253-6C0F-46EC-904D-DDEA57E75B73}.Debug|Any CPU.ActiveCfg = Debug|Any CPU
		{988E0253-6C0F-46EC-904D-DDEA57E75B73}.Debug|Any CPU.Build.0 = Debug|Any CPU
		{988E0253-6C0F-46EC-904D-DDEA57E75B73}.Release|Any CPU.ActiveCfg = Release|Any CPU
		{988E0253-6C0F-46EC-904D-DDEA57E75B73}.Release|Any CPU.Build.0 = Release|Any CPU
	EndGlobalSection
	GlobalSection(SolutionProperties) = preSolution
		HideSolutionNode = FALSE
	EndGlobalSection
	GlobalSection(ExtensibilityGlobals) = postSolution
		SolutionGuid = {73F0768F-05DC-4AAE-90E6-98EA690E1C3F}
	EndGlobalSection
EndGlobal
